
Microsoft Visual Studio Solution File, Format Version 12.00
# Visual Studio Version 16
VisualStudioVersion = 16.0.30517.126
MinimumVisualStudioVersion = 10.0.40219.1
Project("{8BC9CEB8-8B4A-11D0-8D11-00A0C91BC942}") = "Project10", "Project10\Project10.vcxproj", "{FBF7AA47-1BDC-4C9A-B3A2-EF6FFD3CA6FC}"
EndProject
Global
	GlobalSection(SolutionConfigurationPlatforms) = preSolution
		Debug|x64 = Debug|x64
		Debug|x86 = Debug|x86
		Release|x64 = Release|x64
		Release|x86 = Release|x86
	EndGlobalSection
	GlobalSection(ProjectConfigurationPlatforms) = postSolution
		{FBF7AA47-1BDC-4C9A-B3A2-EF6FFD3CA6FC}.Debug|x64.ActiveCfg = Debug|x64
		{FBF7AA47-1BDC-4C9A-B3A2-EF6FFD3CA6FC}.Debug|x64.Build.0 = Debug|x64
		{FBF7AA47-1BDC-4C9A-B3A2-EF6FFD3CA6FC}.Debug|x86.ActiveCfg = Debug|Win32
		{FBF7AA47-1BDC-4C9A-B3A2-EF6FFD3CA6FC}.Debug|x86.Build.0 = Debug|Win32
		{FBF7AA47-1BDC-4C9A-B3A2-EF6FFD3CA6FC}.Release|x64.ActiveCfg = Release|x64
		{FBF7AA47-1BDC-4C9A-B3A2-EF6FFD3CA6FC}.Release|x64.Build.0 = Release|x64
		{FBF7AA47-1BDC-4C9A-B3A2-EF6FFD3CA6FC}.Release|x86.ActiveCfg = Release|Win32
		{FBF7AA47-1BDC-4C9A-B3A2-EF6FFD3CA6FC}.Release|x86.Build.0 = Release|Win32
	EndGlobalSection
	GlobalSection(SolutionProperties) = preSolution
		HideSolutionNode = FALSE
	EndGlobalSection
	GlobalSection(ExtensibilityGlobals) = postSolution
		SolutionGuid = {7CF3ABF6-F30F-44BB-95D7-4188590080B0}
	EndGlobalSection
EndGlobal
